
Microsoft Visual Studio Solution File, Format Version 12.00
# Visual Studio Version 17
VisualStudioVersion = 17.0.31912.275
MinimumVisualStudioVersion = 10.0.40219.1
Project("{FAE04EC0-301F-11D3-BF4B-00C04F79EFBC}") = "ej1xamarinForms.Android", "ej1xamarinForms\ej1xamarinForms.Android\ej1xamarinForms.Android.csproj", "{0A527B03-E0E6-4438-97D8-9A04C0273BF9}"
EndProject
Project("{FAE04EC0-301F-11D3-BF4B-00C04F79EFBC}") = "ej1xamarinForms", "ej1xamarinForms\ej1xamarinForms\ej1xamarinForms.csproj", "{ED162D1F-EB34-4011-A6F3-F8BFE16B18C1}"
EndProject
Global
	GlobalSection(SolutionConfigurationPlatforms) = preSolution
		Debug|Any CPU = Debug|Any CPU
		Release|Any CPU = Release|Any CPU
	EndGlobalSection
	GlobalSection(ProjectConfigurationPlatforms) = postSolution
		{0A527B03-E0E6-4438-97D8-9A04C0273BF9}.Debug|Any CPU.ActiveCfg = Debug|Any CPU
		{0A527B03-E0E6-4438-97D8-9A04C0273BF9}.Debug|Any CPU.Build.0 = Debug|Any CPU
		{0A527B03-E0E6-4438-97D8-9A04C0273BF9}.Debug|Any CPU.Deploy.0 = Debug|Any CPU
		{0A527B03-E0E6-4438-97D8-9A04C0273BF9}.Release|Any CPU.ActiveCfg = Release|Any CPU
		{0A527B03-E0E6-4438-97D8-9A04C0273BF9}.Release|Any CPU.Build.0 = Release|Any CPU
		{0A527B03-E0E6-4438-97D8-9A04C0273BF9}.Release|Any CPU.Deploy.0 = Release|Any CPU
		{ED162D1F-EB34-4011-A6F3-F8BFE16B18C1}.Debug|Any CPU.ActiveCfg = Debug|Any CPU
		{ED162D1F-EB34-4011-A6F3-F8BFE16B18C1}.Debug|Any CPU.Build.0 = Debug|Any CPU
		{ED162D1F-EB34-4011-A6F3-F8BFE16B18C1}.Debug|Any CPU.Deploy.0 = Debug|Any CPU
		{ED162D1F-EB34-4011-A6F3-F8BFE16B18C1}.Release|Any CPU.ActiveCfg = Release|Any CPU
		{ED162D1F-EB34-4011-A6F3-F8BFE16B18C1}.Release|Any CPU.Build.0 = Release|Any CPU
		{ED162D1F-EB34-4011-A6F3-F8BFE16B18C1}.Release|Any CPU.Deploy.0 = Release|Any CPU
	EndGlobalSection
	GlobalSection(SolutionProperties) = preSolution
		HideSolutionNode = FALSE
	EndGlobalSection
	GlobalSection(ExtensibilityGlobals) = postSolution
		SolutionGuid = {F0CE9C17-7C82-4314-82E5-B49A51FF32A9}
	EndGlobalSection
EndGlobal
